
Microsoft Visual Studio Solution File, Format Version 12.00
# Visual Studio 15
VisualStudioVersion = 15.0.26403.7
MinimumVisualStudioVersion = 10.0.40219.1
Project("{FAE04EC0-301F-11D3-BF4B-00C04F79EFBC}") = "AddInterpolationRefactoring", "AddInterpolationRefactoring\AddInterpolationRefactoring.csproj", "{FC093709-6019-4FB6-86F7-D15EB50F6647}"
EndProject
Project("{FAE04EC0-301F-11D3-BF4B-00C04F79EFBC}") = "AddInterpolationRefactoring.Vsix", "AddInterpolationRefactoring.Vsix\AddInterpolationRefactoring.Vsix.csproj", "{4AE44668-FFAC-48EF-820E-6789BE8A19D6}"
EndProject
Project("{FAE04EC0-301F-11D3-BF4B-00C04F79EFBC}") = "AddInterpolationRefactoring.Tests", "AddInterpolationRefactoring.Tests\AddInterpolationRefactoring.Tests.csproj", "{0AF0A91E-CBD1-4648-A529-DEE3D03DE1DD}"
EndProject
Global
	GlobalSection(SolutionConfigurationPlatforms) = preSolution
		Debug|Any CPU = Debug|Any CPU
		Release|Any CPU = Release|Any CPU
	EndGlobalSection
	GlobalSection(ProjectConfigurationPlatforms) = postSolution
		{FC093709-6019-4FB6-86F7-D15EB50F6647}.Debug|Any CPU.ActiveCfg = Debug|Any CPU
		{FC093709-6019-4FB6-86F7-D15EB50F6647}.Debug|Any CPU.Build.0 = Debug|Any CPU
		{FC093709-6019-4FB6-86F7-D15EB50F6647}.Release|Any CPU.ActiveCfg = Release|Any CPU
		{FC093709-6019-4FB6-86F7-D15EB50F6647}.Release|Any CPU.Build.0 = Release|Any CPU
		{4AE44668-FFAC-48EF-820E-6789BE8A19D6}.Debug|Any CPU.ActiveCfg = Debug|Any CPU
		{4AE44668-FFAC-48EF-820E-6789BE8A19D6}.Debug|Any CPU.Build.0 = Debug|Any CPU
		{4AE44668-FFAC-48EF-820E-6789BE8A19D6}.Release|Any CPU.ActiveCfg = Release|Any CPU
		{4AE44668-FFAC-48EF-820E-6789BE8A19D6}.Release|Any CPU.Build.0 = Release|Any CPU
		{0AF0A91E-CBD1-4648-A529-DEE3D03DE1DD}.Debug|Any CPU.ActiveCfg = Debug|Any CPU
		{0AF0A91E-CBD1-4648-A529-DEE3D03DE1DD}.Debug|Any CPU.Build.0 = Debug|Any CPU
		{0AF0A91E-CBD1-4648-A529-DEE3D03DE1DD}.Release|Any CPU.ActiveCfg = Release|Any CPU
		{0AF0A91E-CBD1-4648-A529-DEE3D03DE1DD}.Release|Any CPU.Build.0 = Release|Any CPU
	EndGlobalSection
	GlobalSection(SolutionProperties) = preSolution
		HideSolutionNode = FALSE
	EndGlobalSection
EndGlobal
